
Microsoft Visual Studio Solution File, Format Version 12.00
# Visual Studio Version 17
VisualStudioVersion = 17.0.31717.71
MinimumVisualStudioVersion = 10.0.40219.1
Project("{FAE04EC0-301F-11D3-BF4B-00C04F79EFBC}") = "ShutDown", "ShutDown\ShutDown.csproj", "{FEF859F7-34FA-4E6D-BC61-CDEAB787D25D}"
EndProject
Global
	GlobalSection(SolutionConfigurationPlatforms) = preSolution
		Debug|Any CPU = Debug|Any CPU
		Release|Any CPU = Release|Any CPU
	EndGlobalSection
	GlobalSection(ProjectConfigurationPlatforms) = postSolution
		{FEF859F7-34FA-4E6D-BC61-CDEAB787D25D}.Debug|Any CPU.ActiveCfg = Debug|Any CPU
		{FEF859F7-34FA-4E6D-BC61-CDEAB787D25D}.Debug|Any CPU.Build.0 = Debug|Any CPU
		{FEF859F7-34FA-4E6D-BC61-CDEAB787D25D}.Release|Any CPU.ActiveCfg = Release|Any CPU
		{FEF859F7-34FA-4E6D-BC61-CDEAB787D25D}.Release|Any CPU.Build.0 = Release|Any CPU
	EndGlobalSection
	GlobalSection(SolutionProperties) = preSolution
		HideSolutionNode = FALSE
	EndGlobalSection
	GlobalSection(ExtensibilityGlobals) = postSolution
		SolutionGuid = {D9E513B8-EC79-482A-B5F2-1BC4EE0FBCA7}
	EndGlobalSection
EndGlobal
